
Microsoft Visual Studio Solution File, Format Version 12.00
# Visual Studio Version 17
VisualStudioVersion = 17.13.35913.81 d17.13
MinimumVisualStudioVersion = 10.0.40219.1
Project("{FAE04EC0-301F-11D3-BF4B-00C04F79EFBC}") = "selectionSort", "selectionSort\selectionSort.csproj", "{ECCE8729-7ABC-44FD-AFFA-063BBE66CA63}"
EndProject
Global
	GlobalSection(SolutionConfigurationPlatforms) = preSolution
		Debug|Any CPU = Debug|Any CPU
		Release|Any CPU = Release|Any CPU
	EndGlobalSection
	GlobalSection(ProjectConfigurationPlatforms) = postSolution
		{ECCE8729-7ABC-44FD-AFFA-063BBE66CA63}.Debug|Any CPU.ActiveCfg = Debug|Any CPU
		{ECCE8729-7ABC-44FD-AFFA-063BBE66CA63}.Debug|Any CPU.Build.0 = Debug|Any CPU
		{ECCE8729-7ABC-44FD-AFFA-063BBE66CA63}.Release|Any CPU.ActiveCfg = Release|Any CPU
		{ECCE8729-7ABC-44FD-AFFA-063BBE66CA63}.Release|Any CPU.Build.0 = Release|Any CPU
	EndGlobalSection
	GlobalSection(SolutionProperties) = preSolution
		HideSolutionNode = FALSE
	EndGlobalSection
	GlobalSection(ExtensibilityGlobals) = postSolution
		SolutionGuid = {77347C0A-E7D9-4CA3-B933-ED0F6BCE3087}
	EndGlobalSection
EndGlobal
